
Microsoft Visual Studio Solution File, Format Version 12.00
# Visual Studio Version 17
VisualStudioVersion = 17.8.34511.84
MinimumVisualStudioVersion = 10.0.40219.1
Project("{FAE04EC0-301F-11D3-BF4B-00C04F79EFBC}") = "Marc-Bank", "Marc-Bank.csproj", "{ED7034D1-1D57-4E08-BCAC-5D14E244274F}"
EndProject
Global
	GlobalSection(SolutionConfigurationPlatforms) = preSolution
		Debug|Any CPU = Debug|Any CPU
		Release|Any CPU = Release|Any CPU
	EndGlobalSection
	GlobalSection(ProjectConfigurationPlatforms) = postSolution
		{ED7034D1-1D57-4E08-BCAC-5D14E244274F}.Debug|Any CPU.ActiveCfg = Debug|Any CPU
		{ED7034D1-1D57-4E08-BCAC-5D14E244274F}.Debug|Any CPU.Build.0 = Debug|Any CPU
		{ED7034D1-1D57-4E08-BCAC-5D14E244274F}.Release|Any CPU.ActiveCfg = Release|Any CPU
		{ED7034D1-1D57-4E08-BCAC-5D14E244274F}.Release|Any CPU.Build.0 = Release|Any CPU
	EndGlobalSection
	GlobalSection(SolutionProperties) = preSolution
		HideSolutionNode = FALSE
	EndGlobalSection
	GlobalSection(ExtensibilityGlobals) = postSolution
		SolutionGuid = {2970B6C5-0C1A-4961-ADE4-7910888AD996}
	EndGlobalSection
EndGlobal
